// !$*UTF8*$!
{
	archiveVersion = 1;
	classes = {
	};
	objectVersion = 46;
	objects = {

/* Begin PBXBuildFile section */
		7BF277ED1E44EBC500CCF444 /* Info.plist in Resources */ = {isa = PBXBuildFile; fileRef = 7BF277EC1E44EBC500CCF444 /* Info.plist */; };
		7BF277EF1E44EBF800CCF444 /* GoogleService-Info.plist in Resources */ = {isa = PBXBuildFile; fileRef = 7BF277EE1E44EBF800CCF444 /* GoogleService-Info.plist */; };
		A0380A101DA562A1008E3244 /* Post.swift in Sources */ = {isa = PBXBuildFile; fileRef = A0380A0F1DA562A1008E3244 /* Post.swift */; };
		A0AC2F7B1D47E75500ACA108 /* MaterialView.swift in Sources */ = {isa = PBXBuildFile; fileRef = A0AC2F7A1D47E75500ACA108 /* MaterialView.swift */; };
		A0B64DDB1D47F29D005B5850 /* MaterialButton.swift in Sources */ = {isa = PBXBuildFile; fileRef = A0B64DDA1D47F29D005B5850 /* MaterialButton.swift */; };
		A0B64DDD1D47F572005B5850 /* MaterialTextField.swift in Sources */ = {isa = PBXBuildFile; fileRef = A0B64DDC1D47F572005B5850 /* MaterialTextField.swift */; };
		A0C614611D2582490092CBAF /* FBSDKCoreKit.framework in Frameworks */ = {isa = PBXBuildFile; fileRef = A0C6145E1D2582490092CBAF /* FBSDKCoreKit.framework */; };
		A0C614621D2582490092CBAF /* FBSDKLoginKit.framework in Frameworks */ = {isa = PBXBuildFile; fileRef = A0C6145F1D2582490092CBAF /* FBSDKLoginKit.framework */; };
		A0C614631D2582490092CBAF /* FBSDKShareKit.framework in Frameworks */ = {isa = PBXBuildFile; fileRef = A0C614601D2582490092CBAF /* FBSDKShareKit.framework */; };
		A0DB8BA91D4E5EFF00F957E3 /* FeedVC.swift in Sources */ = {isa = PBXBuildFile; fileRef = A0DB8BA81D4E5EFF00F957E3 /* FeedVC.swift */; };
		A0EBF6E31D3A983A00E4D1AF /* DataService.swift in Sources */ = {isa = PBXBuildFile; fileRef = A0EBF6E21D3A983A00E4D1AF /* DataService.swift */; };
		A0F379BC1D25788C001A30A8 /* AppDelegate.swift in Sources */ = {isa = PBXBuildFile; fileRef = A0F379BB1D25788C001A30A8 /* AppDelegate.swift */; };
		A0F379BE1D25788C001A30A8 /* ViewController.swift in Sources */ = {isa = PBXBuildFile; fileRef = A0F379BD1D25788C001A30A8 /* ViewController.swift */; };
		A0F379C11D25788C001A30A8 /* Main.storyboard in Resources */ = {isa = PBXBuildFile; fileRef = A0F379BF1D25788C001A30A8 /* Main.storyboard */; };
		A0F379C31D25788C001A30A8 /* Assets.xcassets in Resources */ = {isa = PBXBuildFile; fileRef = A0F379C21D25788C001A30A8 /* Assets.xcassets */; };
		A0F379C61D25788C001A30A8 /* LaunchScreen.storyboard in Resources */ = {isa = PBXBuildFile; fileRef = A0F379C41D25788C001A30A8 /* LaunchScreen.storyboard */; };
		A0F3EB4D1D3C2076002F18E0 /* Constants.swift in Sources */ = {isa = PBXBuildFile; fileRef = A0F3EB4C1D3C2076002F18E0 /* Constants.swift */; };
		A0F5A6261D4E8D0200E1F3A7 /* PostCell.swift in Sources */ = {isa = PBXBuildFile; fileRef = A0F5A6251D4E8D0200E1F3A7 /* PostCell.swift */; };
		D16B2D9D1282330C786C21B6 /* Pods_PostMe.framework in Frameworks */ = {isa = PBXBuildFile; fileRef = C55CB7627CFB10C0F69A3E45 /* Pods_PostMe.framework */; };
/* End PBXBuildFile section */

/* Begin PBXFileReference section */
		7BF277EC1E44EBC500CCF444 /* Info.plist */ = {isa = PBXFileReference; fileEncoding = 4; lastKnownFileType = text.plist.xml; path = Info.plist; sourceTree = "<group>"; };
		7BF277EE1E44EBF800CCF444 /* GoogleService-Info.plist */ = {isa = PBXFileReference; fileEncoding = 4; lastKnownFileType = text.plist.xml; path = "GoogleService-Info.plist"; sourceTree = "<group>"; };
		7F87A72553847CB9D8CE0651 /* Pods-PostMe.debug.xcconfig */ = {isa = PBXFileReference; includeInIndex = 1; lastKnownFileType = text.xcconfig; name = "Pods-PostMe.debug.xcconfig"; path = "Pods/Target Support Files/Pods-PostMe/Pods-PostMe.debug.xcconfig"; sourceTree = "<group>"; };
		A0380A0F1DA562A1008E3244 /* Post.swift */ = {isa = PBXFileReference; fileEncoding = 4; lastKnownFileType = sourcecode.swift; path = Post.swift; sourceTree = "<group>"; };
		A0AC2F7A1D47E75500ACA108 /* MaterialView.swift */ = {isa = PBXFileReference; fileEncoding = 4; lastKnownFileType = sourcecode.swift; path = MaterialView.swift; sourceTree = "<group>"; };
		A0B64DDA1D47F29D005B5850 /* MaterialButton.swift */ = {isa = PBXFileReference; fileEncoding = 4; lastKnownFileType = sourcecode.swift; path = MaterialButton.swift; sourceTree = "<group>"; };
		A0B64DDC1D47F572005B5850 /* MaterialTextField.swift */ = {isa = PBXFileReference; fileEncoding = 4; lastKnownFileType = sourcecode.swift; path = MaterialTextField.swift; sourceTree = "<group>"; };
		A0C6145E1D2582490092CBAF /* FBSDKCoreKit.framework */ = {isa = PBXFileReference; lastKnownFileType = wrapper.framework; path = FBSDKCoreKit.framework; sourceTree = "<group>"; };
		A0C6145F1D2582490092CBAF /* FBSDKLoginKit.framework */ = {isa = PBXFileReference; lastKnownFileType = wrapper.framework; path = FBSDKLoginKit.framework; sourceTree = "<group>"; };
		A0C614601D2582490092CBAF /* FBSDKShareKit.framework */ = {isa = PBXFileReference; lastKnownFileType = wrapper.framework; path = FBSDKShareKit.framework; sourceTree = "<group>"; };
		A0DB8BA81D4E5EFF00F957E3 /* FeedVC.swift */ = {isa = PBXFileReference; fileEncoding = 4; lastKnownFileType = sourcecode.swift; path = FeedVC.swift; sourceTree = "<group>"; };
		A0EBF6E21D3A983A00E4D1AF /* DataService.swift */ = {isa = PBXFileReference; fileEncoding = 4; lastKnownFileType = sourcecode.swift; path = DataService.swift; sourceTree = "<group>"; };
		A0F379B81D25788C001A30A8 /* PostMe.app */ = {isa = PBXFileReference; explicitFileType = wrapper.application; includeInIndex = 0; path = PostMe.app; sourceTree = BUILT_PRODUCTS_DIR; };
		A0F379BB1D25788C001A30A8 /* AppDelegate.swift */ = {isa = PBXFileReference; lastKnownFileType = sourcecode.swift; path = AppDelegate.swift; sourceTree = "<group>"; };
		A0F379BD1D25788C001A30A8 /* ViewController.swift */ = {isa = PBXFileReference; lastKnownFileType = sourcecode.swift; path = ViewController.swift; sourceTree = "<group>"; };
		A0F379C01D25788C001A30A8 /* Base */ = {isa = PBXFileReference; lastKnownFileType = file.storyboard; name = Base; path = Base.lproj/Main.storyboard; sourceTree = "<group>"; };
		A0F379C21D25788C001A30A8 /* Assets.xcassets */ = {isa = PBXFileReference; lastKnownFileType = folder.assetcatalog; path = Assets.xcassets; sourceTree = "<group>"; };
		A0F379C51D25788C001A30A8 /* Base */ = {isa = PBXFileReference; lastKnownFileType = file.storyboard; name = Base; path = Base.lproj/LaunchScreen.storyboard; sourceTree = "<group>"; };
		A0F3EB4C1D3C2076002F18E0 /* Constants.swift */ = {isa = PBXFileReference; fileEncoding = 4; lastKnownFileType = sourcecode.swift; path = Constants.swift; sourceTree = "<group>"; };
		A0F5A6251D4E8D0200E1F3A7 /* PostCell.swift */ = {isa = PBXFileReference; fileEncoding = 4; lastKnownFileType = sourcecode.swift; path = PostCell.swift; sourceTree = "<group>"; };
		AF30DE3445C8FA2A450612FF /* Pods-PostMe.release.xcconfig */ = {isa = PBXFileReference; includeInIndex = 1; lastKnownFileType = text.xcconfig; name = "Pods-PostMe.release.xcconfig"; path = "Pods/Target Support Files/Pods-PostMe/Pods-PostMe.release.xcconfig"; sourceTree = "<group>"; };
		C55CB7627CFB10C0F69A3E45 /* Pods_PostMe.framework */ = {isa = PBXFileReference; explicitFileType = wrapper.framework; includeInIndex = 0; path = Pods_PostMe.framework; sourceTree = BUILT_PRODUCTS_DIR; };
/* End PBXFileReference section */

/* Begin PBXFrameworksBuildPhase section */
		A0F379B51D25788C001A30A8 /* Frameworks */ = {
			isa = PBXFrameworksBuildPhase;
			buildActionMask = 2147483647;
			files = (
				A0C614631D2582490092CBAF /* FBSDKShareKit.framework in Frameworks */,
				D16B2D9D1282330C786C21B6 /* Pods_PostMe.framework in Frameworks */,
				A0C614611D2582490092CBAF /* FBSDKCoreKit.framework in Frameworks */,
				A0C614621D2582490092CBAF /* FBSDKLoginKit.framework in Frameworks */,
			);
			runOnlyForDeploymentPostprocessing = 0;
		};
/* End PBXFrameworksBuildPhase section */

/* Begin PBXGroup section */
		A02B0CF21D353E5600DBD750 /* Model */ = {
			isa = PBXGroup;
			children = (
				A0380A0F1DA562A1008E3244 /* Post.swift */,
			);
			name = Model;
			sourceTree = "<group>";
		};
		A02B0CF31D353E6500DBD750 /* View */ = {
			isa = PBXGroup;
			children = (
				A0AC2F7A1D47E75500ACA108 /* MaterialView.swift */,
				A0B64DDA1D47F29D005B5850 /* MaterialButton.swift */,
				A0B64DDC1D47F572005B5850 /* MaterialTextField.swift */,
				A0F5A6251D4E8D0200E1F3A7 /* PostCell.swift */,
			);
			name = View;
			sourceTree = "<group>";
		};
		A02B0CF41D353E7900DBD750 /* Controller */ = {
			isa = PBXGroup;
			children = (
				A0F379BD1D25788C001A30A8 /* ViewController.swift */,
				A0DB8BA81D4E5EFF00F957E3 /* FeedVC.swift */,
			);
			name = Controller;
			sourceTree = "<group>";
		};
		A0EBF6E11D3A982200E4D1AF /* Services */ = {
			isa = PBXGroup;
			children = (
				A0EBF6E21D3A983A00E4D1AF /* DataService.swift */,
			);
			name = Services;
			sourceTree = "<group>";
		};
		A0F379AF1D25788C001A30A8 = {
			isa = PBXGroup;
			children = (
				A0F379BA1D25788C001A30A8 /* PostMe */,
				A0F379B91D25788C001A30A8 /* Products */,
				CB7949108A56E7E6863D7E35 /* Pods */,
				A8901D3178A1B3672FDB98E4 /* Frameworks */,
			);
			sourceTree = "<group>";
		};
		A0F379B91D25788C001A30A8 /* Products */ = {
			isa = PBXGroup;
			children = (
				A0F379B81D25788C001A30A8 /* PostMe.app */,
			);
			name = Products;
			sourceTree = "<group>";
		};
		A0F379BA1D25788C001A30A8 /* PostMe */ = {
			isa = PBXGroup;
			children = (
				A0F3EB4B1D3C205D002F18E0 /* Utilities */,
				A0EBF6E11D3A982200E4D1AF /* Services */,
				A02B0CF21D353E5600DBD750 /* Model */,
				A02B0CF31D353E6500DBD750 /* View */,
				A02B0CF41D353E7900DBD750 /* Controller */,
				A0F379BB1D25788C001A30A8 /* AppDelegate.swift */,
				A0F379BF1D25788C001A30A8 /* Main.storyboard */,
				A0F379C21D25788C001A30A8 /* Assets.xcassets */,
				A0F379C41D25788C001A30A8 /* LaunchScreen.storyboard */,
				7BF277EC1E44EBC500CCF444 /* Info.plist */,
				7BF277EE1E44EBF800CCF444 /* GoogleService-Info.plist */,
			);
			path = PostMe;
			sourceTree = "<group>";
		};
		A0F3EB4B1D3C205D002F18E0 /* Utilities */ = {
			isa = PBXGroup;
			children = (
				A0F3EB4C1D3C2076002F18E0 /* Constants.swift */,
			);
			name = Utilities;
			sourceTree = "<group>";
		};
		A8901D3178A1B3672FDB98E4 /* Frameworks */ = {
			isa = PBXGroup;
			children = (
				A0C6145E1D2582490092CBAF /* FBSDKCoreKit.framework */,
				A0C6145F1D2582490092CBAF /* FBSDKLoginKit.framework */,
				A0C614601D2582490092CBAF /* FBSDKShareKit.framework */,
				C55CB7627CFB10C0F69A3E45 /* Pods_PostMe.framework */,
			);
			name = Frameworks;
			sourceTree = "<group>";
		};
		CB7949108A56E7E6863D7E35 /* Pods */ = {
			isa = PBXGroup;
			children = (
				7F87A72553847CB9D8CE0651 /* Pods-PostMe.debug.xcconfig */,
				AF30DE3445C8FA2A450612FF /* Pods-PostMe.release.xcconfig */,
			);
			name = Pods;
			sourceTree = "<group>";
		};
/* End PBXGroup section */

/* Begin PBXNativeTarget section */
		A0F379B71D25788C001A30A8 /* PostMe */ = {
			isa = PBXNativeTarget;
			buildConfigurationList = A0F379CA1D25788C001A30A8 /* Build configuration list for PBXNativeTarget "PostMe" */;
			buildPhases = (
				F00488D194501BB2A8AADA50 /* [CP] Check Pods Manifest.lock */,
				A0F379B41D25788C001A30A8 /* Sources */,
				A0F379B51D25788C001A30A8 /* Frameworks */,
				A0F379B61D25788C001A30A8 /* Resources */,
				AA65A89AE5EEC5F55E6DFCF0 /* [CP] Embed Pods Frameworks */,
				D21A9566B0BE7BE6A672EB88 /* [CP] Copy Pods Resources */,
			);
			buildRules = (
			);
			dependencies = (
			);
			name = PostMe;
			productName = PostMe;
			productReference = A0F379B81D25788C001A30A8 /* PostMe.app */;
			productType = "com.apple.product-type.application";
		};
/* End PBXNativeTarget section */

/* Begin PBXProject section */
		A0F379B01D25788C001A30A8 /* Project object */ = {
			isa = PBXProject;
			attributes = {
				LastSwiftUpdateCheck = 0730;
				LastUpgradeCheck = 0730;
				ORGANIZATIONNAME = "Abhishek H P";
				TargetAttributes = {
					A0F379B71D25788C001A30A8 = {
						CreatedOnToolsVersion = 7.3.1;
						DevelopmentTeam = XZLS43B666;
					};
				};
			};
			buildConfigurationList = A0F379B31D25788C001A30A8 /* Build configuration list for PBXProject "PostMe" */;
			compatibilityVersion = "Xcode 3.2";
			developmentRegion = English;
			hasScannedForEncodings = 0;
			knownRegions = (
				en,
				Base,
			);
			mainGroup = A0F379AF1D25788C001A30A8;
			productRefGroup = A0F379B91D25788C001A30A8 /* Products */;
			projectDirPath = "";
			projectRoot = "";
			targets = (
				A0F379B71D25788C001A30A8 /* PostMe */,
			);
		};
/* End PBXProject section */

/* Begin PBXResourcesBuildPhase section */
		A0F379B61D25788C001A30A8 /* Resources */ = {
			isa = PBXResourcesBuildPhase;
			buildActionMask = 2147483647;
			files = (
				7BF277ED1E44EBC500CCF444 /* Info.plist in Resources */,
				A0F379C61D25788C001A30A8 /* LaunchScreen.storyboard in Resources */,
				7BF277EF1E44EBF800CCF444 /* GoogleService-Info.plist in Resources */,
				A0F379C31D25788C001A30A8 /* Assets.xcassets in Resources */,
				A0F379C11D25788C001A30A8 /* Main.storyboard in Resources */,
			);
			runOnlyForDeploymentPostprocessing = 0;
		};
/* End PBXResourcesBuildPhase section */

/* Begin PBXShellScriptBuildPhase section */
		AA65A89AE5EEC5F55E6DFCF0 /* [CP] Embed Pods Frameworks */ = {
			isa = PBXShellScriptBuildPhase;
			buildActionMask = 2147483647;
			files = (
			);
			inputPaths = (
			);
			name = "[CP] Embed Pods Frameworks";
			outputPaths = (
			);
			runOnlyForDeploymentPostprocessing = 0;
			shellPath = /bin/sh;
			shellScript = "\"${SRCROOT}/Pods/Target Support Files/Pods-PostMe/Pods-PostMe-frameworks.sh\"\n";
			showEnvVarsInLog = 0;
		};
		D21A9566B0BE7BE6A672EB88 /* [CP] Copy Pods Resources */ = {
			isa = PBXShellScriptBuildPhase;
			buildActionMask = 2147483647;
			files = (
			);
			inputPaths = (
			);
			name = "[CP] Copy Pods Resources";
			outputPaths = (
			);
			runOnlyForDeploymentPostprocessing = 0;
			shellPath = /bin/sh;
			shellScript = "\"${SRCROOT}/Pods/Target Support Files/Pods-PostMe/Pods-PostMe-resources.sh\"\n";
			showEnvVarsInLog = 0;
		};
		F00488D194501BB2A8AADA50 /* [CP] Check Pods Manifest.lock */ = {
			isa = PBXShellScriptBuildPhase;
			buildActionMask = 2147483647;
			files = (
			);
			inputPaths = (
			);
			name = "[CP] Check Pods Manifest.lock";
			outputPaths = (
			);
			runOnlyForDeploymentPostprocessing = 0;
			shellPath = /bin/sh;
			shellScript = "diff \"${PODS_ROOT}/../Podfile.lock\" \"${PODS_ROOT}/Manifest.lock\" > /dev/null\nif [[ $? != 0 ]] ; then\n    cat << EOM\nerror: The sandbox is not in sync with the Podfile.lock. Run 'pod install' or update your CocoaPods installation.\nEOM\n    exit 1\nfi\n";
			showEnvVarsInLog = 0;
		};
/* End PBXShellScriptBuildPhase section */

/* Begin PBXSourcesBuildPhase section */
		A0F379B41D25788C001A30A8 /* Sources */ = {
			isa = PBXSourcesBuildPhase;
			buildActionMask = 2147483647;
			files = (
				A0EBF6E31D3A983A00E4D1AF /* DataService.swift in Sources */,
				A0F379BE1D25788C001A30A8 /* ViewController.swift in Sources */,
				A0B64DDB1D47F29D005B5850 /* MaterialButton.swift in Sources */,
				A0AC2F7B1D47E75500ACA108 /* MaterialView.swift in Sources */,
				A0DB8BA91D4E5EFF00F957E3 /* FeedVC.swift in Sources */,
				A0F5A6261D4E8D0200E1F3A7 /* PostCell.swift in Sources */,
				A0F379BC1D25788C001A30A8 /* AppDelegate.swift in Sources */,
				A0F3EB4D1D3C2076002F18E0 /* Constants.swift in Sources */,
				A0B64DDD1D47F572005B5850 /* MaterialTextField.swift in Sources */,
				A0380A101DA562A1008E3244 /* Post.swift in Sources */,
			);
			runOnlyForDeploymentPostprocessing = 0;
		};
/* End PBXSourcesBuildPhase section */

/* Begin PBXVariantGroup section */
		A0F379BF1D25788C001A30A8 /* Main.storyboard */ = {
			isa = PBXVariantGroup;
			children = (
				A0F379C01D25788C001A30A8 /* Base */,
			);
			name = Main.storyboard;
			sourceTree = "<group>";
		};
		A0F379C41D25788C001A30A8 /* LaunchScreen.storyboard */ = {
			isa = PBXVariantGroup;
			children = (
				A0F379C51D25788C001A30A8 /* Base */,
			);
			name = LaunchScreen.storyboard;
			sourceTree = "<group>";
		};
/* End PBXVariantGroup section */

/* Begin XCBuildConfiguration section */
		A0F379C81D25788C001A30A8 /* Debug */ = {
			isa = XCBuildConfiguration;
			buildSettings = {
				ALWAYS_SEARCH_USER_PATHS = NO;
				CLANG_ANALYZER_NONNULL = YES;
				CLANG_CXX_LANGUAGE_STANDARD = "gnu++0x";
				CLANG_CXX_LIBRARY = "libc++";
				CLANG_ENABLE_MODULES = YES;
				CLANG_ENABLE_OBJC_ARC = YES;
				CLANG_WARN_BOOL_CONVERSION = YES;
				CLANG_WARN_CONSTANT_CONVERSION = YES;
				CLANG_WARN_DIRECT_OBJC_ISA_USAGE = YES_ERROR;
				CLANG_WARN_EMPTY_BODY = YES;
				CLANG_WARN_ENUM_CONVERSION = YES;
				CLANG_WARN_INT_CONVERSION = YES;
				CLANG_WARN_OBJC_ROOT_CLASS = YES_ERROR;
				CLANG_WARN_UNREACHABLE_CODE = YES;
				CLANG_WARN__DUPLICATE_METHOD_MATCH = YES;
				"CODE_SIGN_IDENTITY[sdk=iphoneos*]" = "iPhone Developer";
				COPY_PHASE_STRIP = NO;
				DEBUG_INFORMATION_FORMAT = dwarf;
				ENABLE_STRICT_OBJC_MSGSEND = YES;
				ENABLE_TESTABILITY = YES;
				GCC_C_LANGUAGE_STANDARD = gnu99;
				GCC_DYNAMIC_NO_PIC = NO;
				GCC_NO_COMMON_BLOCKS = YES;
				GCC_OPTIMIZATION_LEVEL = 0;
				GCC_PREPROCESSOR_DEFINITIONS = (
					"DEBUG=1",
					"$(inherited)",
				);
				GCC_WARN_64_TO_32_BIT_CONVERSION = YES;
				GCC_WARN_ABOUT_RETURN_TYPE = YES_ERROR;
				GCC_WARN_UNDECLARED_SELECTOR = YES;
				GCC_WARN_UNINITIALIZED_AUTOS = YES_AGGRESSIVE;
				GCC_WARN_UNUSED_FUNCTION = YES;
				GCC_WARN_UNUSED_VARIABLE = YES;
				IPHONEOS_DEPLOYMENT_TARGET = 9.3;
				MTL_ENABLE_DEBUG_INFO = YES;
				ONLY_ACTIVE_ARCH = YES;
				SDKROOT = iphoneos;
				SWIFT_OPTIMIZATION_LEVEL = "-Onone";
			};
			name = Debug;
		};
		A0F379C91D25788C001A30A8 /* Release */ = {
			isa = XCBuildConfiguration;
			buildSettings = {
				ALWAYS_SEARCH_USER_PATHS = NO;
				CLANG_ANALYZER_NONNULL = YES;
				CLANG_CXX_LANGUAGE_STANDARD = "gnu++0x";
				CLANG_CXX_LIBRARY = "libc++";
				CLANG_ENABLE_MODULES = YES;
				CLANG_ENABLE_OBJC_ARC = YES;
				CLANG_WARN_BOOL_CONVERSION = YES;
				CLANG_WARN_CONSTANT_CONVERSION = YES;
				CLANG_WARN_DIRECT_OBJC_ISA_USAGE = YES_ERROR;
				CLANG_WARN_EMPTY_BODY = YES;
				CLANG_WARN_ENUM_CONVERSION = YES;
				CLANG_WARN_INT_CONVERSION = YES;
				CLANG_WARN_OBJC_ROOT_CLASS = YES_ERROR;
				CLANG_WARN_UNREACHABLE_CODE = YES;
				CLANG_WARN__DUPLICATE_METHOD_MATCH = YES;
				"CODE_SIGN_IDENTITY[sdk=iphoneos*]" = "iPhone Developer";
				COPY_PHASE_STRIP = NO;
				DEBUG_INFORMATION_FORMAT = "dwarf-with-dsym";
				ENABLE_NS_ASSERTIONS = NO;
				ENABLE_STRICT_OBJC_MSGSEND = YES;
				GCC_C_LANGUAGE_STANDARD = gnu99;
				GCC_NO_COMMON_BLOCKS = YES;
				GCC_WARN_64_TO_32_BIT_CONVERSION = YES;
				GCC_WARN_ABOUT_RETURN_TYPE = YES_ERROR;
				GCC_WARN_UNDECLARED_SELECTOR = YES;
				GCC_WARN_UNINITIALIZED_AUTOS = YES_AGGRESSIVE;
				GCC_WARN_UNUSED_FUNCTION = YES;
				GCC_WARN_UNUSED_VARIABLE = YES;
				IPHONEOS_DEPLOYMENT_TARGET = 9.3;
				MTL_ENABLE_DEBUG_INFO = NO;
				SDKROOT = iphoneos;
				VALIDATE_PRODUCT = YES;
			};
			name = Release;
		};
		A0F379CB1D25788C001A30A8 /* Debug */ = {
			isa = XCBuildConfiguration;
			baseConfigurationReference = 7F87A72553847CB9D8CE0651 /* Pods-PostMe.debug.xcconfig */;
			buildSettings = {
				ASSETCATALOG_COMPILER_APPICON_NAME = AppIcon;
				FRAMEWORK_SEARCH_PATHS = (
					"$(inherited)",
					"$(PROJECT_DIR)",
				);
				INFOPLIST_FILE = PostMe/Info.plist;
				LD_RUNPATH_SEARCH_PATHS = "$(inherited) @executable_path/Frameworks";
				PRODUCT_BUNDLE_IDENTIFIER = com.abs.PostMe;
				PRODUCT_NAME = "$(TARGET_NAME)";
				SWIFT_VERSION = 3.0;
			};
			name = Debug;
		};
		A0F379CC1D25788C001A30A8 /* Release */ = {
			isa = XCBuildConfiguration;
			baseConfigurationReference = AF30DE3445C8FA2A450612FF /* Pods-PostMe.release.xcconfig */;
			buildSettings = {
				ASSETCATALOG_COMPILER_APPICON_NAME = AppIcon;
				FRAMEWORK_SEARCH_PATHS = (
					"$(inherited)",
					"$(PROJECT_DIR)",
				);
				INFOPLIST_FILE = PostMe/Info.plist;
				LD_RUNPATH_SEARCH_PATHS = "$(inherited) @executable_path/Frameworks";
				PRODUCT_BUNDLE_IDENTIFIER = com.abs.PostMe;
				PRODUCT_NAME = "$(TARGET_NAME)";
				SWIFT_VERSION = 3.0;
			};
			name = Release;
		};
/* End XCBuildConfiguration section */

/* Begin XCConfigurationList section */
		A0F379B31D25788C001A30A8 /* Build configuration list for PBXProject "PostMe" */ = {
			isa = XCConfigurationList;
			buildConfigurations = (
				A0F379C81D25788C001A30A8 /* Debug */,
				A0F379C91D25788C001A30A8 /* Release */,
			);
			defaultConfigurationIsVisible = 0;
			defaultConfigurationName = Release;
		};
		A0F379CA1D25788C001A30A8 /* Build configuration list for PBXNativeTarget "PostMe" */ = {
			isa = XCConfigurationList;
			buildConfigurations = (
				A0F379CB1D25788C001A30A8 /* Debug */,
				A0F379CC1D25788C001A30A8 /* Release */,
			);
			defaultConfigurationIsVisible = 0;
			defaultConfigurationName = Release;
		};
/* End XCConfigurationList section */
	};
	rootObject = A0F379B01D25788C001A30A8 /* Project object */;
}
